// !$*UTF8*$!
{
	archiveVersion = 1;
	classes = {
	};
	objectVersion = 46;
	objects = {

/* Begin PBXBuildFile section */
		A46C48CA1D1663850055576F /* main.m in Sources */ = {isa = PBXBuildFile; fileRef = A46C48C91D1663850055576F /* main.m */; };
		A46C48D21D1663A30055576F /* GCDAsyncSocket.m in Sources */ = {isa = PBXBuildFile; fileRef = A46C48D11D1663A30055576F /* GCDAsyncSocket.m */; };
		A46C48D91D1663F00055576F /* ServerListener.m in Sources */ = {isa = PBXBuildFile; fileRef = A46C48D81D1663F00055576F /* ServerListener.m */; };
/* End PBXBuildFile section */

/* Begin PBXCopyFilesBuildPhase section */
		A46C48C41D1663850055576F /* CopyFiles */ = {
			isa = PBXCopyFilesBuildPhase;
			buildActionMask = 2147483647;
			dstPath = /usr/share/man/man1/;
			dstSubfolderSpec = 0;
			files = (
			);
			runOnlyForDeploymentPostprocessing = 1;
		};
/* End PBXCopyFilesBuildPhase section */

/* Begin PBXFileReference section */
		A46C48C61D1663850055576F /* ServerOnMac */ = {isa = PBXFileReference; explicitFileType = "compiled.mach-o.executable"; includeInIndex = 0; path = ServerOnMac; sourceTree = BUILT_PRODUCTS_DIR; };
		A46C48C91D1663850055576F /* main.m */ = {isa = PBXFileReference; lastKnownFileType = sourcecode.c.objc; path = main.m; sourceTree = "<group>"; };
		A46C48D01D1663A30055576F /* GCDAsyncSocket.h */ = {isa = PBXFileReference; fileEncoding = 4; lastKnownFileType = sourcecode.c.h; name = GCDAsyncSocket.h; path = ../GCDAsyncSocket.h; sourceTree = "<group>"; };
		A46C48D11D1663A30055576F /* GCDAsyncSocket.m */ = {isa = PBXFileReference; fileEncoding = 4; lastKnownFileType = sourcecode.c.objc; name = GCDAsyncSocket.m; path = ../GCDAsyncSocket.m; sourceTree = "<group>"; };
		A46C48D71D1663F00055576F /* ServerListener.h */ = {isa = PBXFileReference; fileEncoding = 4; lastKnownFileType = sourcecode.c.h; path = ServerListener.h; sourceTree = "<group>"; };
		A46C48D81D1663F00055576F /* ServerListener.m */ = {isa = PBXFileReference; fileEncoding = 4; lastKnownFileType = sourcecode.c.objc; path = ServerListener.m; sourceTree = "<group>"; };
/* End PBXFileReference section */

/* Begin PBXFrameworksBuildPhase section */
		A46C48C31D1663850055576F /* Frameworks */ = {
			isa = PBXFrameworksBuildPhase;
			buildActionMask = 2147483647;
			files = (
			);
			runOnlyForDeploymentPostprocessing = 0;
		};
/* End PBXFrameworksBuildPhase section */

/* Begin PBXGroup section */
		A46C48BD1D1663850055576F = {
			isa = PBXGroup;
			children = (
				A46C48C81D1663850055576F /* ServerOnMac */,
				A46C48C71D1663850055576F /* Products */,
			);
			sourceTree = "<group>";
		};
		A46C48C71D1663850055576F /* Products */ = {
			isa = PBXGroup;
			children = (
				A46C48C61D1663850055576F /* ServerOnMac */,
			);
			name = Products;
			sourceTree = "<group>";
		};
		A46C48C81D1663850055576F /* ServerOnMac */ = {
			isa = PBXGroup;
			children = (
				A46C48D71D1663F00055576F /* ServerListener.h */,
				A46C48D81D1663F00055576F /* ServerListener.m */,
				A46C48C91D1663850055576F /* main.m */,
				A46C48D31D1663AB0055576F /* GCD */,
			);
			path = ServerOnMac;
			sourceTree = "<group>";
		};
		A46C48D31D1663AB0055576F /* GCD */ = {
			isa = PBXGroup;
			children = (
				A46C48D01D1663A30055576F /* GCDAsyncSocket.h */,
				A46C48D11D1663A30055576F /* GCDAsyncSocket.m */,
			);
			name = GCD;
			sourceTree = "<group>";
		};
/* End PBXGroup section */

/* Begin PBXNativeTarget section */
		A46C48C51D1663850055576F /* ServerOnMac */ = {
			isa = PBXNativeTarget;
			buildConfigurationList = A46C48CD1D1663850055576F /* Build configuration list for PBXNativeTarget "ServerOnMac" */;
			buildPhases = (
				A46C48C21D1663850055576F /* Sources */,
				A46C48C31D1663850055576F /* Frameworks */,
				A46C48C41D1663850055576F /* CopyFiles */,
			);
			buildRules = (
			);
			dependencies = (
			);
			name = ServerOnMac;
			productName = ServerOnMac;
			productReference = A46C48C61D1663850055576F /* ServerOnMac */;
			productType = "com.apple.product-type.tool";
		};
/* End PBXNativeTarget section */

/* Begin PBXProject section */
		A46C48BE1D1663850055576F /* Project object */ = {
			isa = PBXProject;
			attributes = {
				LastUpgradeCheck = 0730;
				ORGANIZATIONNAME = sky;
				TargetAttributes = {
					A46C48C51D1663850055576F = {
						CreatedOnToolsVersion = 7.3.1;
					};
				};
			};
			buildConfigurationList = A46C48C11D1663850055576F /* Build configuration list for PBXProject "ServerOnMac" */;
			compatibilityVersion = "Xcode 3.2";
			developmentRegion = English;
			hasScannedForEncodings = 0;
			knownRegions = (
				en,
			);
			mainGroup = A46C48BD1D1663850055576F;
			productRefGroup = A46C48C71D1663850055576F /* Products */;
			projectDirPath = "";
			projectRoot = "";
			targets = (
				A46C48C51D1663850055576F /* ServerOnMac */,
			);
		};
/* End PBXProject section */

/* Begin PBXSourcesBuildPhase section */
		A46C48C21D1663850055576F /* Sources */ = {
			isa = PBXSourcesBuildPhase;
			buildActionMask = 2147483647;
			files = (
				A46C48D21D1663A30055576F /* GCDAsyncSocket.m in Sources */,
				A46C48D91D1663F00055576F /* ServerListener.m in Sources */,
				A46C48CA1D1663850055576F /* main.m in Sources */,
			);
			runOnlyForDeploymentPostprocessing = 0;
		};
/* End PBXSourcesBuildPhase section */

/* Begin XCBuildConfiguration section */
		A46C48CB1D1663850055576F /* Debug */ = {
			isa = XCBuildConfiguration;
			buildSettings = {
				ALWAYS_SEARCH_USER_PATHS = NO;
				CLANG_ANALYZER_NONNULL = YES;
				CLANG_CXX_LANGUAGE_STANDARD = "gnu++0x";
				CLANG_CXX_LIBRARY = "libc++";
				CLANG_ENABLE_MODULES = YES;
				CLANG_ENABLE_OBJC_ARC = YES;
				CLANG_WARN_BOOL_CONVERSION = YES;
				CLANG_WARN_CONSTANT_CONVERSION = YES;
				CLANG_WARN_DIRECT_OBJC_ISA_USAGE = YES_ERROR;
				CLANG_WARN_EMPTY_BODY = YES;
				CLANG_WARN_ENUM_CONVERSION = YES;
				CLANG_WARN_INT_CONVERSION = YES;
				CLANG_WARN_OBJC_ROOT_CLASS = YES_ERROR;
				CLANG_WARN_UNREACHABLE_CODE = YES;
				CLANG_WARN__DUPLICATE_METHOD_MATCH = YES;
				CODE_SIGN_IDENTITY = "-";
				COPY_PHASE_STRIP = NO;
				DEBUG_INFORMATION_FORMAT = dwarf;
				ENABLE_STRICT_OBJC_MSGSEND = YES;
				ENABLE_TESTABILITY = YES;
				GCC_C_LANGUAGE_STANDARD = gnu99;
				GCC_DYNAMIC_NO_PIC = NO;
				GCC_NO_COMMON_BLOCKS = YES;
				GCC_OPTIMIZATION_LEVEL = 0;
				GCC_PREPROCESSOR_DEFINITIONS = (
					"DEBUG=1",
					"$(inherited)",
				);
				GCC_WARN_64_TO_32_BIT_CONVERSION = YES;
				GCC_WARN_ABOUT_RETURN_TYPE = YES_ERROR;
				GCC_WARN_UNDECLARED_SELECTOR = YES;
				GCC_WARN_UNINITIALIZED_AUTOS = YES_AGGRESSIVE;
				GCC_WARN_UNUSED_FUNCTION = YES;
				GCC_WARN_UNUSED_VARIABLE = YES;
				MACOSX_DEPLOYMENT_TARGET = 10.11;
				MTL_ENABLE_DEBUG_INFO = YES;
				ONLY_ACTIVE_ARCH = YES;
				SDKROOT = macosx;
			};
			name = Debug;
		};
		A46C48CC1D1663850055576F /* Release */ = {
			isa = XCBuildConfiguration;
			buildSettings = {
				ALWAYS_SEARCH_USER_PATHS = NO;
				CLANG_ANALYZER_NONNULL = YES;
				CLANG_CXX_LANGUAGE_STANDARD = "gnu++0x";
				CLANG_CXX_LIBRARY = "libc++";
				CLANG_ENABLE_MODULES = YES;
				CLANG_ENABLE_OBJC_ARC = YES;
				CLANG_WARN_BOOL_CONVERSION = YES;
				CLANG_WARN_CONSTANT_CONVERSION = YES;
				CLANG_WARN_DIRECT_OBJC_ISA_USAGE = YES_ERROR;
				CLANG_WARN_EMPTY_BODY = YES;
				CLANG_WARN_ENUM_CONVERSION = YES;
				CLANG_WARN_INT_CONVERSION = YES;
				CLANG_WARN_OBJC_ROOT_CLASS = YES_ERROR;
				CLANG_WARN_UNREACHABLE_CODE = YES;
				CLANG_WARN__DUPLICATE_METHOD_MATCH = YES;
				CODE_SIGN_IDENTITY = "-";
				COPY_PHASE_STRIP = NO;
				DEBUG_INFORMATION_FORMAT = "dwarf-with-dsym";
				ENABLE_NS_ASSERTIONS = NO;
				ENABLE_STRICT_OBJC_MSGSEND = YES;
				GCC_C_LANGUAGE_STANDARD = gnu99;
				GCC_NO_COMMON_BLOCKS = YES;
				GCC_WARN_64_TO_32_BIT_CONVERSION = YES;
				GCC_WARN_ABOUT_RETURN_TYPE = YES_ERROR;
				GCC_WARN_UNDECLARED_SELECTOR = YES;
				GCC_WARN_UNINITIALIZED_AUTOS = YES_AGGRESSIVE;
				GCC_WARN_UNUSED_FUNCTION = YES;
				GCC_WARN_UNUSED_VARIABLE = YES;
				MACOSX_DEPLOYMENT_TARGET = 10.11;
				MTL_ENABLE_DEBUG_INFO = NO;
				SDKROOT = macosx;
			};
			name = Release;
		};
		A46C48CE1D1663850055576F /* Debug */ = {
			isa = XCBuildConfiguration;
			buildSettings = {
				PRODUCT_NAME = "$(TARGET_NAME)";
			};
			name = Debug;
		};
		A46C48CF1D1663850055576F /* Release */ = {
			isa = XCBuildConfiguration;
			buildSettings = {
				PRODUCT_NAME = "$(TARGET_NAME)";
			};
			name = Release;
		};
/* End XCBuildConfiguration section */

/* Begin XCConfigurationList section */
		A46C48C11D1663850055576F /* Build configuration list for PBXProject "ServerOnMac" */ = {
			isa = XCConfigurationList;
			buildConfigurations = (
				A46C48CB1D1663850055576F /* Debug */,
				A46C48CC1D1663850055576F /* Release */,
			);
			defaultConfigurationIsVisible = 0;
			defaultConfigurationName = Release;
		};
		A46C48CD1D1663850055576F /* Build configuration list for PBXNativeTarget "ServerOnMac" */ = {
			isa = XCConfigurationList;
			buildConfigurations = (
				A46C48CE1D1663850055576F /* Debug */,
				A46C48CF1D1663850055576F /* Release */,
			);
			defaultConfigurationIsVisible = 0;
		};
/* End XCConfigurationList section */
	};
	rootObject = A46C48BE1D1663850055576F /* Project object */;
}
